
Microsoft Visual Studio Solution File, Format Version 12.00
# Visual Studio Version 16
VisualStudioVersion = 16.0.30907.101
MinimumVisualStudioVersion = 10.0.40219.1
Project("{9A19103F-16F7-4668-BE54-9A1E7A4F7556}") = "Web.Battleship", "Web.Battleship.csproj", "{1DC89BFA-2626-4D5D-A5EE-1407146FF6F3}"
EndProject
Project("{2150E333-8FDC-42A3-9474-1A3956D46DE8}") = "web", "web", "{9D6DB85C-3D19-4A83-A0DE-767828718337}"
EndProject
Project("{2150E333-8FDC-42A3-9474-1A3956D46DE8}") = "api", "api", "{EDBEE643-7369-4EEE-9FE5-51B14E17DB46}"
EndProject
Project("{2150E333-8FDC-42A3-9474-1A3956D46DE8}") = "data", "data", "{E4A8B389-29AF-44FA-9806-241F56048279}"
EndProject
Project("{9A19103F-16F7-4668-BE54-9A1E7A4F7556}") = "Data.EfCore", "..\data\Data.EfCore\Data.EfCore.csproj", "{737540B9-A07C-4299-8942-852D2C10DB17}"
EndProject
Project("{9A19103F-16F7-4668-BE54-9A1E7A4F7556}") = "Data.Repository", "..\data\Data.Repository\Data.Repository.csproj", "{4A7E9970-AA99-4E82-92FC-D067E0DBC727}"
EndProject
Project("{9A19103F-16F7-4668-BE54-9A1E7A4F7556}") = "Data.Types", "..\data\Data.Types\Data.Types.csproj", "{1CB454EF-B595-47EE-9F66-BE5347190212}"
EndProject
Project("{FAE04EC0-301F-11D3-BF4B-00C04F79EFBC}") = "Domain", "..\Domain\Domain.csproj", "{D0B10919-079F-4FBD-B4CD-812B47F5ADA4}"
EndProject
Project("{FAE04EC0-301F-11D3-BF4B-00C04F79EFBC}") = "Contracts", "..\Contracts\Contracts.csproj", "{FFAB5635-1CD6-4E4B-AD2A-84AF507C1AA5}"
EndProject
Project("{FAE04EC0-301F-11D3-BF4B-00C04F79EFBC}") = "Application", "..\Application\Application.csproj", "{EDDB60CA-98BC-4A34-8410-6F092E269C6A}"
EndProject
Project("{FAE04EC0-301F-11D3-BF4B-00C04F79EFBC}") = "Infrastructure", "..\Infrastructure\Infrastructure.csproj", "{88AAD533-0DB8-4928-B6F3-488336EE3963}"
EndProject
Global
	GlobalSection(SolutionConfigurationPlatforms) = preSolution
		Debug|Any CPU = Debug|Any CPU
		Release|Any CPU = Release|Any CPU
	EndGlobalSection
	GlobalSection(ProjectConfigurationPlatforms) = postSolution
		{1DC89BFA-2626-4D5D-A5EE-1407146FF6F3}.Debug|Any CPU.ActiveCfg = Debug|Any CPU
		{1DC89BFA-2626-4D5D-A5EE-1407146FF6F3}.Debug|Any CPU.Build.0 = Debug|Any CPU
		{1DC89BFA-2626-4D5D-A5EE-1407146FF6F3}.Release|Any CPU.ActiveCfg = Release|Any CPU
		{1DC89BFA-2626-4D5D-A5EE-1407146FF6F3}.Release|Any CPU.Build.0 = Release|Any CPU
		{737540B9-A07C-4299-8942-852D2C10DB17}.Debug|Any CPU.ActiveCfg = Debug|Any CPU
		{737540B9-A07C-4299-8942-852D2C10DB17}.Debug|Any CPU.Build.0 = Debug|Any CPU
		{737540B9-A07C-4299-8942-852D2C10DB17}.Release|Any CPU.ActiveCfg = Release|Any CPU
		{737540B9-A07C-4299-8942-852D2C10DB17}.Release|Any CPU.Build.0 = Release|Any CPU
		{4A7E9970-AA99-4E82-92FC-D067E0DBC727}.Debug|Any CPU.ActiveCfg = Debug|Any CPU
		{4A7E9970-AA99-4E82-92FC-D067E0DBC727}.Debug|Any CPU.Build.0 = Debug|Any CPU
		{4A7E9970-AA99-4E82-92FC-D067E0DBC727}.Release|Any CPU.ActiveCfg = Release|Any CPU
		{4A7E9970-AA99-4E82-92FC-D067E0DBC727}.Release|Any CPU.Build.0 = Release|Any CPU
		{1CB454EF-B595-47EE-9F66-BE5347190212}.Debug|Any CPU.ActiveCfg = Debug|Any CPU
		{1CB454EF-B595-47EE-9F66-BE5347190212}.Debug|Any CPU.Build.0 = Debug|Any CPU
		{1CB454EF-B595-47EE-9F66-BE5347190212}.Release|Any CPU.ActiveCfg = Release|Any CPU
		{1CB454EF-B595-47EE-9F66-BE5347190212}.Release|Any CPU.Build.0 = Release|Any CPU
		{D0B10919-079F-4FBD-B4CD-812B47F5ADA4}.Debug|Any CPU.ActiveCfg = Debug|Any CPU
		{D0B10919-079F-4FBD-B4CD-812B47F5ADA4}.Debug|Any CPU.Build.0 = Debug|Any CPU
		{D0B10919-079F-4FBD-B4CD-812B47F5ADA4}.Release|Any CPU.ActiveCfg = Release|Any CPU
		{D0B10919-079F-4FBD-B4CD-812B47F5ADA4}.Release|Any CPU.Build.0 = Release|Any CPU
		{FFAB5635-1CD6-4E4B-AD2A-84AF507C1AA5}.Debug|Any CPU.ActiveCfg = Debug|Any CPU
		{FFAB5635-1CD6-4E4B-AD2A-84AF507C1AA5}.Debug|Any CPU.Build.0 = Debug|Any CPU
		{FFAB5635-1CD6-4E4B-AD2A-84AF507C1AA5}.Release|Any CPU.ActiveCfg = Release|Any CPU
		{FFAB5635-1CD6-4E4B-AD2A-84AF507C1AA5}.Release|Any CPU.Build.0 = Release|Any CPU
		{EDDB60CA-98BC-4A34-8410-6F092E269C6A}.Debug|Any CPU.ActiveCfg = Debug|Any CPU
		{EDDB60CA-98BC-4A34-8410-6F092E269C6A}.Debug|Any CPU.Build.0 = Debug|Any CPU
		{EDDB60CA-98BC-4A34-8410-6F092E269C6A}.Release|Any CPU.ActiveCfg = Release|Any CPU
		{EDDB60CA-98BC-4A34-8410-6F092E269C6A}.Release|Any CPU.Build.0 = Release|Any CPU
		{88AAD533-0DB8-4928-B6F3-488336EE3963}.Debug|Any CPU.ActiveCfg = Debug|Any CPU
		{88AAD533-0DB8-4928-B6F3-488336EE3963}.Debug|Any CPU.Build.0 = Debug|Any CPU
		{88AAD533-0DB8-4928-B6F3-488336EE3963}.Release|Any CPU.ActiveCfg = Release|Any CPU
		{88AAD533-0DB8-4928-B6F3-488336EE3963}.Release|Any CPU.Build.0 = Release|Any CPU
	EndGlobalSection
	GlobalSection(SolutionProperties) = preSolution
		HideSolutionNode = FALSE
	EndGlobalSection
	GlobalSection(NestedProjects) = preSolution
		{1DC89BFA-2626-4D5D-A5EE-1407146FF6F3} = {9D6DB85C-3D19-4A83-A0DE-767828718337}
		{E4A8B389-29AF-44FA-9806-241F56048279} = {EDBEE643-7369-4EEE-9FE5-51B14E17DB46}
		{737540B9-A07C-4299-8942-852D2C10DB17} = {E4A8B389-29AF-44FA-9806-241F56048279}
		{4A7E9970-AA99-4E82-92FC-D067E0DBC727} = {E4A8B389-29AF-44FA-9806-241F56048279}
		{1CB454EF-B595-47EE-9F66-BE5347190212} = {E4A8B389-29AF-44FA-9806-241F56048279}
		{D0B10919-079F-4FBD-B4CD-812B47F5ADA4} = {EDBEE643-7369-4EEE-9FE5-51B14E17DB46}
		{FFAB5635-1CD6-4E4B-AD2A-84AF507C1AA5} = {EDBEE643-7369-4EEE-9FE5-51B14E17DB46}
		{EDDB60CA-98BC-4A34-8410-6F092E269C6A} = {EDBEE643-7369-4EEE-9FE5-51B14E17DB46}
		{88AAD533-0DB8-4928-B6F3-488336EE3963} = {EDBEE643-7369-4EEE-9FE5-51B14E17DB46}
	EndGlobalSection
	GlobalSection(ExtensibilityGlobals) = postSolution
		SolutionGuid = {889B6BAF-E77D-452C-A057-2F29310F9FBA}
	EndGlobalSection
EndGlobal
